
Microsoft Visual Studio Solution File, Format Version 12.00
# Visual Studio Version 16
VisualStudioVersion = 16.0.31005.135
MinimumVisualStudioVersion = 10.0.40219.1
Project("{9A19103F-16F7-4668-BE54-9A1E7A4F7556}") = "Carriers.Domain", "Carriers.Domain\Carriers.Domain.csproj", "{A75AF4F8-72A6-476D-8BAF-B5300AAEBD81}"
EndProject
Project("{2150E333-8FDC-42A3-9474-1A3956D46DE8}") = "Carriers", "Carriers", "{4F644AC7-C910-43CA-80A0-CB6976AE52CF}"
EndProject
Project("{9A19103F-16F7-4668-BE54-9A1E7A4F7556}") = "Carriers.Services", "Carriers.Services\Carriers.Services.csproj", "{5742A183-E892-417D-B1AD-17FCC1907616}"
EndProject
Project("{9A19103F-16F7-4668-BE54-9A1E7A4F7556}") = "Carriers.Repositories", "Carriers.Repositories\Carriers.Repositories.csproj", "{69D91C56-C6DD-4793-BD59-48A1374EAACE}"
EndProject
Project("{9A19103F-16F7-4668-BE54-9A1E7A4F7556}") = "Carriers.Repositories.MySql", "Carriers.Repositories.MySql\Carriers.Repositories.MySql.csproj", "{6533AB95-791C-4320-A95D-2D5CFF7958D2}"
EndProject
Project("{9A19103F-16F7-4668-BE54-9A1E7A4F7556}") = "Carriers.Api", "Carriers.Api\Carriers.Api.csproj", "{DDF34929-E066-4239-82D0-F1C7A7A8ACC5}"
EndProject
Project("{2150E333-8FDC-42A3-9474-1A3956D46DE8}") = "Solution Items", "Solution Items", "{107C84CD-A80F-4FA4-A700-A36666819281}"
	ProjectSection(SolutionItems) = preProject
		docker-compose-mysql.yml = docker-compose-mysql.yml
		docker-compose.yml = docker-compose.yml
		Dockerfile = Dockerfile
		README.md = README.md
	EndProjectSection
EndProject
Project("{FAE04EC0-301F-11D3-BF4B-00C04F79EFBC}") = "Carriers.Databases.MySql", "Carriers.Databases.MySql\Carriers.Databases.MySql.csproj", "{4053A71A-C74E-46D9-ACCD-CB12648E22EA}"
EndProject
Global
	GlobalSection(SolutionConfigurationPlatforms) = preSolution
		Debug|Any CPU = Debug|Any CPU
		Release|Any CPU = Release|Any CPU
	EndGlobalSection
	GlobalSection(ProjectConfigurationPlatforms) = postSolution
		{A75AF4F8-72A6-476D-8BAF-B5300AAEBD81}.Debug|Any CPU.ActiveCfg = Debug|Any CPU
		{A75AF4F8-72A6-476D-8BAF-B5300AAEBD81}.Debug|Any CPU.Build.0 = Debug|Any CPU
		{A75AF4F8-72A6-476D-8BAF-B5300AAEBD81}.Release|Any CPU.ActiveCfg = Release|Any CPU
		{A75AF4F8-72A6-476D-8BAF-B5300AAEBD81}.Release|Any CPU.Build.0 = Release|Any CPU
		{5742A183-E892-417D-B1AD-17FCC1907616}.Debug|Any CPU.ActiveCfg = Debug|Any CPU
		{5742A183-E892-417D-B1AD-17FCC1907616}.Debug|Any CPU.Build.0 = Debug|Any CPU
		{5742A183-E892-417D-B1AD-17FCC1907616}.Release|Any CPU.ActiveCfg = Release|Any CPU
		{5742A183-E892-417D-B1AD-17FCC1907616}.Release|Any CPU.Build.0 = Release|Any CPU
		{69D91C56-C6DD-4793-BD59-48A1374EAACE}.Debug|Any CPU.ActiveCfg = Debug|Any CPU
		{69D91C56-C6DD-4793-BD59-48A1374EAACE}.Debug|Any CPU.Build.0 = Debug|Any CPU
		{69D91C56-C6DD-4793-BD59-48A1374EAACE}.Release|Any CPU.ActiveCfg = Release|Any CPU
		{69D91C56-C6DD-4793-BD59-48A1374EAACE}.Release|Any CPU.Build.0 = Release|Any CPU
		{6533AB95-791C-4320-A95D-2D5CFF7958D2}.Debug|Any CPU.ActiveCfg = Debug|Any CPU
		{6533AB95-791C-4320-A95D-2D5CFF7958D2}.Debug|Any CPU.Build.0 = Debug|Any CPU
		{6533AB95-791C-4320-A95D-2D5CFF7958D2}.Release|Any CPU.ActiveCfg = Release|Any CPU
		{6533AB95-791C-4320-A95D-2D5CFF7958D2}.Release|Any CPU.Build.0 = Release|Any CPU
		{DDF34929-E066-4239-82D0-F1C7A7A8ACC5}.Debug|Any CPU.ActiveCfg = Debug|Any CPU
		{DDF34929-E066-4239-82D0-F1C7A7A8ACC5}.Debug|Any CPU.Build.0 = Debug|Any CPU
		{DDF34929-E066-4239-82D0-F1C7A7A8ACC5}.Release|Any CPU.ActiveCfg = Release|Any CPU
		{DDF34929-E066-4239-82D0-F1C7A7A8ACC5}.Release|Any CPU.Build.0 = Release|Any CPU
		{4053A71A-C74E-46D9-ACCD-CB12648E22EA}.Debug|Any CPU.ActiveCfg = Debug|Any CPU
		{4053A71A-C74E-46D9-ACCD-CB12648E22EA}.Debug|Any CPU.Build.0 = Debug|Any CPU
		{4053A71A-C74E-46D9-ACCD-CB12648E22EA}.Release|Any CPU.ActiveCfg = Release|Any CPU
		{4053A71A-C74E-46D9-ACCD-CB12648E22EA}.Release|Any CPU.Build.0 = Release|Any CPU
	EndGlobalSection
	GlobalSection(SolutionProperties) = preSolution
		HideSolutionNode = FALSE
	EndGlobalSection
	GlobalSection(NestedProjects) = preSolution
		{A75AF4F8-72A6-476D-8BAF-B5300AAEBD81} = {4F644AC7-C910-43CA-80A0-CB6976AE52CF}
		{5742A183-E892-417D-B1AD-17FCC1907616} = {4F644AC7-C910-43CA-80A0-CB6976AE52CF}
		{69D91C56-C6DD-4793-BD59-48A1374EAACE} = {4F644AC7-C910-43CA-80A0-CB6976AE52CF}
		{6533AB95-791C-4320-A95D-2D5CFF7958D2} = {4F644AC7-C910-43CA-80A0-CB6976AE52CF}
		{DDF34929-E066-4239-82D0-F1C7A7A8ACC5} = {4F644AC7-C910-43CA-80A0-CB6976AE52CF}
		{4053A71A-C74E-46D9-ACCD-CB12648E22EA} = {4F644AC7-C910-43CA-80A0-CB6976AE52CF}
	EndGlobalSection
	GlobalSection(ExtensibilityGlobals) = postSolution
		SolutionGuid = {35D6E982-2472-4620-8EB2-B544033C7472}
	EndGlobalSection
EndGlobal
